
Microsoft Visual Studio Solution File, Format Version 12.00
# Visual Studio 15
Project("{FAE04EC0-301F-11D3-BF4B-00C04F79EFBC}") = "Assembly-CSharp", "Assembly-CSharp.csproj", "{028F5B18-5F2F-0190-0AE3-5720B926708D}"
EndProject
Global
	GlobalSection(SolutionConfigurationPlatforms) = preSolution
		Debug|Any CPU = Debug|Any CPU
		Release|Any CPU = Release|Any CPU
	EndGlobalSection
	GlobalSection(ProjectConfigurationPlatforms) = postSolution
		{028F5B18-5F2F-0190-0AE3-5720B926708D}.Debug|Any CPU.ActiveCfg = Debug|Any CPU
		{028F5B18-5F2F-0190-0AE3-5720B926708D}.Debug|Any CPU.Build.0 = Debug|Any CPU
		{028F5B18-5F2F-0190-0AE3-5720B926708D}.Release|Any CPU.ActiveCfg = Release|Any CPU
		{028F5B18-5F2F-0190-0AE3-5720B926708D}.Release|Any CPU.Build.0 = Release|Any CPU
	EndGlobalSection
	GlobalSection(SolutionProperties) = preSolution
		HideSolutionNode = FALSE
	EndGlobalSection
EndGlobal
